<?xml version="1.0" encoding="utf-8"?>
<Project ToolsVersion="4.0" xmlns="http://schemas.microsoft.com/developer/msbuild/2003">
  <ItemGroup>
    <Filter Include="GUI">
      <UniqueIdentifier>{27a2e31b-3764-4e51-92d6-d5bf5b82ed33}</UniqueIdentifier>
    </Filter>
    <Filter Include="Modules">
      <UniqueIdentifier>{233d94b5-62e9-4ee7-8699-8c199ee4ec06}</UniqueIdentifier>
    </Filter>
    <Filter Include="Utility">
      <UniqueIdentifier>{e72b6281-1ff6-4410-bcc8-f9fc1308dbe5}</UniqueIdentifier>
    </Filter>
    <Filter Include="Tools">
      <UniqueIdentifier>{0563b196-b07f-4f19-a1ff-355c3f09ef8d}</UniqueIdentifier>
    </Filter>
    <Filter Include="Main">
      <UniqueIdentifier>{448c9745-d004-45b5-a19a-b9c050b2302f}</UniqueIdentifier>
    </Filter>
    <Filter Include="Tools\Pugi">
      <UniqueIdentifier>{b6ee79f9-42bc-43b8-91ee-0998418da6f8}</UniqueIdentifier>
    </Filter>
  </ItemGroup>
  <ItemGroup>
    <ClCompile Include="GUIAnimatedImage.cpp">
      <Filter>GUI</Filter>
    </ClCompile>
    <ClCompile Include="GUIAutoLabel.cpp">
      <Filter>GUI</Filter>
    </ClCompile>
    <ClCompile Include="GUIButton.cpp">
      <Filter>GUI</Filter>
    </ClCompile>
    <ClCompile Include="GUIElement.cpp">
      <Filter>GUI</Filter>
    </ClCompile>
    <ClCompile Include="GUIImage.cpp">
      <Filter>GUI</Filter>
    </ClCompile>
    <ClCompile Include="GUIInputText.cpp">
      <Filter>GUI</Filter>
    </ClCompile>
    <ClCompile Include="GUILabel.cpp">
      <Filter>GUI</Filter>
    </ClCompile>
    <ClCompile Include="GUIMouse.cpp">
      <Filter>GUI</Filter>
    </ClCompile>
    <ClCompile Include="GB_Rectangle.cpp">
      <Filter>Tools</Filter>
    </ClCompile>
    <ClCompile Include="j1PerfTimer.cpp">
      <Filter>Tools</Filter>
    </ClCompile>
    <ClCompile Include="j1Timer.cpp">
      <Filter>Tools</Filter>
    </ClCompile>
    <ClCompile Include="Defs.cpp">
      <Filter>Utility</Filter>
    </ClCompile>
    <ClCompile Include="Log.cpp">
      <Filter>Utility</Filter>
    </ClCompile>
    <ClCompile Include="M_Animation.cpp">
      <Filter>Modules</Filter>
    </ClCompile>
    <ClCompile Include="M_Audio.cpp">
      <Filter>Modules</Filter>
    </ClCompile>
    <ClCompile Include="M_FileSystem.cpp">
      <Filter>Modules</Filter>
    </ClCompile>
    <ClCompile Include="M_Fonts.cpp">
      <Filter>Modules</Filter>
    </ClCompile>
    <ClCompile Include="M_GUI.cpp">
      <Filter>Modules</Filter>
    </ClCompile>
    <ClCompile Include="M_Input.cpp">
      <Filter>Modules</Filter>
    </ClCompile>
    <ClCompile Include="M_Map.cpp">
      <Filter>Modules</Filter>
    </ClCompile>
    <ClCompile Include="M_Pathfinding.cpp">
      <Filter>Modules</Filter>
    </ClCompile>
    <ClCompile Include="M_Render.cpp">
      <Filter>Modules</Filter>
    </ClCompile>
    <ClCompile Include="M_Textures.cpp">
      <Filter>Modules</Filter>
    </ClCompile>
    <ClCompile Include="M_Window.cpp">
      <Filter>Modules</Filter>
    </ClCompile>
    <ClCompile Include="App.cpp">
      <Filter>Main</Filter>
    </ClCompile>
    <ClCompile Include="Main.cpp">
      <Filter>Main</Filter>
    </ClCompile>
    <ClCompile Include="PugiXml\src\pugixml.cpp">
      <Filter>Tools\Pugi</Filter>
    </ClCompile>
  </ItemGroup>
  <ItemGroup>
    <ClInclude Include="GUIAnimatedImage.h">
      <Filter>GUI</Filter>
    </ClInclude>
    <ClInclude Include="GUIAutoLabel.h">
      <Filter>GUI</Filter>
    </ClInclude>
    <ClInclude Include="GUIButton.h">
      <Filter>GUI</Filter>
    </ClInclude>
    <ClInclude Include="GUIElement.h">
      <Filter>GUI</Filter>
    </ClInclude>
    <ClInclude Include="GUIImage.h">
      <Filter>GUI</Filter>
    </ClInclude>
    <ClInclude Include="GUIInputText.h">
      <Filter>GUI</Filter>
    </ClInclude>
    <ClInclude Include="GUILabel.h">
      <Filter>GUI</Filter>
    </ClInclude>
    <ClInclude Include="GUIMouse.h">
      <Filter>GUI</Filter>
    </ClInclude>
    <ClInclude Include="GB_Rectangle.h">
      <Filter>Tools</Filter>
    </ClInclude>
    <ClInclude Include="j1PerfTimer.h">
      <Filter>Tools</Filter>
    </ClInclude>
    <ClInclude Include="j1Timer.h">
      <Filter>Tools</Filter>
    </ClInclude>
    <ClInclude Include="Defs.h">
      <Filter>Utility</Filter>
    </ClInclude>
    <ClInclude Include="Log.h">
      <Filter>Utility</Filter>
    </ClInclude>
    <ClInclude Include="p2Point.h">
      <Filter>Utility</Filter>
    </ClInclude>
    <ClInclude Include="M_Animation.h">
      <Filter>Modules</Filter>
    </ClInclude>
    <ClInclude Include="M_Audio.h">
      <Filter>Modules</Filter>
    </ClInclude>
    <ClInclude Include="M_FileSystem.h">
      <Filter>Modules</Filter>
    </ClInclude>
    <ClInclude Include="M_Fonts.h">
      <Filter>Modules</Filter>
    </ClInclude>
    <ClInclude Include="M_GUI.h">
      <Filter>Modules</Filter>
    </ClInclude>
    <ClInclude Include="M_Input.h">
      <Filter>Modules</Filter>
    </ClInclude>
    <ClInclude Include="M_Map.h">
      <Filter>Modules</Filter>
    </ClInclude>
    <ClInclude Include="M_Pathfinding.h">
      <Filter>Modules</Filter>
    </ClInclude>
    <ClInclude Include="M_Render.h">
      <Filter>Modules</Filter>
    </ClInclude>
    <ClInclude Include="M_Textures.h">
      <Filter>Modules</Filter>
    </ClInclude>
    <ClInclude Include="M_Window.h">
      <Filter>Modules</Filter>
    </ClInclude>
    <ClInclude Include="Module.h">
      <Filter>Modules</Filter>
    </ClInclude>
    <ClInclude Include="App.h">
      <Filter>Main</Filter>
    </ClInclude>
    <ClInclude Include="PugiXml\src\pugiconfig.hpp">
      <Filter>Tools\Pugi</Filter>
    </ClInclude>
    <ClInclude Include="PugiXml\src\pugixml.hpp">
      <Filter>Tools\Pugi</Filter>
    </ClInclude>
  </ItemGroup>
</Project>